
Microsoft Visual Studio Solution File, Format Version 12.00
# Visual Studio Version 17
VisualStudioVersion = 17.13.35825.156 d17.13
MinimumVisualStudioVersion = 10.0.40219.1
Project("{888888A0-9F3D-457C-B088-3A5042F75D52}") = "libraryexam", "libraryexam.pyproj", "{717382D4-D8DC-4357-A1B2-588CEB3B9CE4}"
EndProject
Global
	GlobalSection(SolutionConfigurationPlatforms) = preSolution
		Debug|Any CPU = Debug|Any CPU
		Release|Any CPU = Release|Any CPU
	EndGlobalSection
	GlobalSection(ProjectConfigurationPlatforms) = postSolution
		{717382D4-D8DC-4357-A1B2-588CEB3B9CE4}.Debug|Any CPU.ActiveCfg = Debug|Any CPU
		{717382D4-D8DC-4357-A1B2-588CEB3B9CE4}.Release|Any CPU.ActiveCfg = Release|Any CPU
	EndGlobalSection
	GlobalSection(SolutionProperties) = preSolution
		HideSolutionNode = FALSE
	EndGlobalSection
	GlobalSection(ExtensibilityGlobals) = postSolution
		SolutionGuid = {90727253-7D3E-4438-9EB6-3A3D5383AB47}
	EndGlobalSection
EndGlobal
